
Microsoft Visual Studio Solution File, Format Version 12.00
# Visual Studio Version 16
VisualStudioVersion = 16.0.30114.105
MinimumVisualStudioVersion = 10.0.40219.1
Project("{FAE04EC0-301F-11D3-BF4B-00C04F79EFBC}") = "API", "API\API.csproj", "{12A38868-4932-4EBF-A73C-E6227822858D}"
EndProject
Project("{FAE04EC0-301F-11D3-BF4B-00C04F79EFBC}") = "Core", "Core\Core.csproj", "{3430121C-D83F-4CDC-A5DF-203994B86CF3}"
EndProject
Project("{FAE04EC0-301F-11D3-BF4B-00C04F79EFBC}") = "Infrastructure", "Infrastructure\Infrastructure.csproj", "{C8217CCD-33C9-43C3-AB42-A429A1E3EDFE}"
EndProject
Global
	GlobalSection(SolutionConfigurationPlatforms) = preSolution
		Debug|Any CPU = Debug|Any CPU
		Debug|x64 = Debug|x64
		Debug|x86 = Debug|x86
		Release|Any CPU = Release|Any CPU
		Release|x64 = Release|x64
		Release|x86 = Release|x86
	EndGlobalSection
	GlobalSection(SolutionProperties) = preSolution
		HideSolutionNode = FALSE
	EndGlobalSection
	GlobalSection(ProjectConfigurationPlatforms) = postSolution
		{12A38868-4932-4EBF-A73C-E6227822858D}.Debug|Any CPU.ActiveCfg = Debug|Any CPU
		{12A38868-4932-4EBF-A73C-E6227822858D}.Debug|Any CPU.Build.0 = Debug|Any CPU
		{12A38868-4932-4EBF-A73C-E6227822858D}.Debug|x64.ActiveCfg = Debug|Any CPU
		{12A38868-4932-4EBF-A73C-E6227822858D}.Debug|x64.Build.0 = Debug|Any CPU
		{12A38868-4932-4EBF-A73C-E6227822858D}.Debug|x86.ActiveCfg = Debug|Any CPU
		{12A38868-4932-4EBF-A73C-E6227822858D}.Debug|x86.Build.0 = Debug|Any CPU
		{12A38868-4932-4EBF-A73C-E6227822858D}.Release|Any CPU.ActiveCfg = Release|Any CPU
		{12A38868-4932-4EBF-A73C-E6227822858D}.Release|Any CPU.Build.0 = Release|Any CPU
		{12A38868-4932-4EBF-A73C-E6227822858D}.Release|x64.ActiveCfg = Release|Any CPU
		{12A38868-4932-4EBF-A73C-E6227822858D}.Release|x64.Build.0 = Release|Any CPU
		{12A38868-4932-4EBF-A73C-E6227822858D}.Release|x86.ActiveCfg = Release|Any CPU
		{12A38868-4932-4EBF-A73C-E6227822858D}.Release|x86.Build.0 = Release|Any CPU
		{3430121C-D83F-4CDC-A5DF-203994B86CF3}.Debug|Any CPU.ActiveCfg = Debug|Any CPU
		{3430121C-D83F-4CDC-A5DF-203994B86CF3}.Debug|Any CPU.Build.0 = Debug|Any CPU
		{3430121C-D83F-4CDC-A5DF-203994B86CF3}.Debug|x64.ActiveCfg = Debug|Any CPU
		{3430121C-D83F-4CDC-A5DF-203994B86CF3}.Debug|x64.Build.0 = Debug|Any CPU
		{3430121C-D83F-4CDC-A5DF-203994B86CF3}.Debug|x86.ActiveCfg = Debug|Any CPU
		{3430121C-D83F-4CDC-A5DF-203994B86CF3}.Debug|x86.Build.0 = Debug|Any CPU
		{3430121C-D83F-4CDC-A5DF-203994B86CF3}.Release|Any CPU.ActiveCfg = Release|Any CPU
		{3430121C-D83F-4CDC-A5DF-203994B86CF3}.Release|Any CPU.Build.0 = Release|Any CPU
		{3430121C-D83F-4CDC-A5DF-203994B86CF3}.Release|x64.ActiveCfg = Release|Any CPU
		{3430121C-D83F-4CDC-A5DF-203994B86CF3}.Release|x64.Build.0 = Release|Any CPU
		{3430121C-D83F-4CDC-A5DF-203994B86CF3}.Release|x86.ActiveCfg = Release|Any CPU
		{3430121C-D83F-4CDC-A5DF-203994B86CF3}.Release|x86.Build.0 = Release|Any CPU
		{C8217CCD-33C9-43C3-AB42-A429A1E3EDFE}.Debug|Any CPU.ActiveCfg = Debug|Any CPU
		{C8217CCD-33C9-43C3-AB42-A429A1E3EDFE}.Debug|Any CPU.Build.0 = Debug|Any CPU
		{C8217CCD-33C9-43C3-AB42-A429A1E3EDFE}.Debug|x64.ActiveCfg = Debug|Any CPU
		{C8217CCD-33C9-43C3-AB42-A429A1E3EDFE}.Debug|x64.Build.0 = Debug|Any CPU
		{C8217CCD-33C9-43C3-AB42-A429A1E3EDFE}.Debug|x86.ActiveCfg = Debug|Any CPU
		{C8217CCD-33C9-43C3-AB42-A429A1E3EDFE}.Debug|x86.Build.0 = Debug|Any CPU
		{C8217CCD-33C9-43C3-AB42-A429A1E3EDFE}.Release|Any CPU.ActiveCfg = Release|Any CPU
		{C8217CCD-33C9-43C3-AB42-A429A1E3EDFE}.Release|Any CPU.Build.0 = Release|Any CPU
		{C8217CCD-33C9-43C3-AB42-A429A1E3EDFE}.Release|x64.ActiveCfg = Release|Any CPU
		{C8217CCD-33C9-43C3-AB42-A429A1E3EDFE}.Release|x64.Build.0 = Release|Any CPU
		{C8217CCD-33C9-43C3-AB42-A429A1E3EDFE}.Release|x86.ActiveCfg = Release|Any CPU
		{C8217CCD-33C9-43C3-AB42-A429A1E3EDFE}.Release|x86.Build.0 = Release|Any CPU
	EndGlobalSection
EndGlobal
